
Microsoft Visual Studio Solution File, Format Version 12.00
# Visual Studio Version 17
VisualStudioVersion = 17.2.32616.157
MinimumVisualStudioVersion = 10.0.40219.1
Project("{FAE04EC0-301F-11D3-BF4B-00C04F79EFBC}") = "HuseyinAtik.Web", "HuseyinAtik.Web\HuseyinAtik.Web.csproj", "{021E66C5-8F67-427C-A5BB-8C2F13481FB6}"
EndProject
Project("{FAE04EC0-301F-11D3-BF4B-00C04F79EFBC}") = "EntityLayer", "EntityLayer\EntityLayer.csproj", "{634EF138-CE04-4579-92A7-648540A3AF31}"
EndProject
Project("{FAE04EC0-301F-11D3-BF4B-00C04F79EFBC}") = "BusinessLayer", "BusinessLayer\BusinessLayer.csproj", "{18E0CD6F-AF85-4A94-A2DA-528BBE4F1171}"
EndProject
Project("{FAE04EC0-301F-11D3-BF4B-00C04F79EFBC}") = "DataAccessLayer", "DataAccessLayer\DataAccessLayer.csproj", "{31CA5239-1AFC-4E31-B5AD-2AC987D8D6CE}"
EndProject
Global
	GlobalSection(SolutionConfigurationPlatforms) = preSolution
		Debug|Any CPU = Debug|Any CPU
		Release|Any CPU = Release|Any CPU
	EndGlobalSection
	GlobalSection(ProjectConfigurationPlatforms) = postSolution
		{021E66C5-8F67-427C-A5BB-8C2F13481FB6}.Debug|Any CPU.ActiveCfg = Debug|Any CPU
		{021E66C5-8F67-427C-A5BB-8C2F13481FB6}.Debug|Any CPU.Build.0 = Debug|Any CPU
		{021E66C5-8F67-427C-A5BB-8C2F13481FB6}.Release|Any CPU.ActiveCfg = Release|Any CPU
		{021E66C5-8F67-427C-A5BB-8C2F13481FB6}.Release|Any CPU.Build.0 = Release|Any CPU
		{634EF138-CE04-4579-92A7-648540A3AF31}.Debug|Any CPU.ActiveCfg = Debug|Any CPU
		{634EF138-CE04-4579-92A7-648540A3AF31}.Debug|Any CPU.Build.0 = Debug|Any CPU
		{634EF138-CE04-4579-92A7-648540A3AF31}.Release|Any CPU.ActiveCfg = Release|Any CPU
		{634EF138-CE04-4579-92A7-648540A3AF31}.Release|Any CPU.Build.0 = Release|Any CPU
		{18E0CD6F-AF85-4A94-A2DA-528BBE4F1171}.Debug|Any CPU.ActiveCfg = Debug|Any CPU
		{18E0CD6F-AF85-4A94-A2DA-528BBE4F1171}.Debug|Any CPU.Build.0 = Debug|Any CPU
		{18E0CD6F-AF85-4A94-A2DA-528BBE4F1171}.Release|Any CPU.ActiveCfg = Release|Any CPU
		{18E0CD6F-AF85-4A94-A2DA-528BBE4F1171}.Release|Any CPU.Build.0 = Release|Any CPU
		{31CA5239-1AFC-4E31-B5AD-2AC987D8D6CE}.Debug|Any CPU.ActiveCfg = Debug|Any CPU
		{31CA5239-1AFC-4E31-B5AD-2AC987D8D6CE}.Debug|Any CPU.Build.0 = Debug|Any CPU
		{31CA5239-1AFC-4E31-B5AD-2AC987D8D6CE}.Release|Any CPU.ActiveCfg = Release|Any CPU
		{31CA5239-1AFC-4E31-B5AD-2AC987D8D6CE}.Release|Any CPU.Build.0 = Release|Any CPU
	EndGlobalSection
	GlobalSection(SolutionProperties) = preSolution
		HideSolutionNode = FALSE
	EndGlobalSection
	GlobalSection(ExtensibilityGlobals) = postSolution
		SolutionGuid = {56C8C425-F9D1-41B6-A690-44900712E59F}
	EndGlobalSection
EndGlobal
